
Microsoft Visual Studio Solution File, Format Version 12.00
# Visual Studio Version 17
VisualStudioVersion = 17.5.33516.290
MinimumVisualStudioVersion = 10.0.40219.1
Project("{8BC9CEB8-8B4A-11D0-8D11-00A0C91BC942}") = "2021_ranking", "2021_ranking\2021_ranking.vcxproj", "{EF896B45-212B-4014-B8C2-6FFF5A031891}"
EndProject
Project("{8BC9CEB8-8B4A-11D0-8D11-00A0C91BC942}") = "1005_acm", "1005_acm\1005_acm.vcxproj", "{2745FEA0-703A-485D-8505-BA8117886ABF}"
EndProject
Project("{8BC9CEB8-8B4A-11D0-8D11-00A0C91BC942}") = "1208_sum_of_subsequence", "1208_sum_of_subsequence\1208_sum_of_subsequence.vcxproj", "{2AF06BCD-65DB-4B63-BE7D-9009C3DA9776}"
EndProject
Project("{8BC9CEB8-8B4A-11D0-8D11-00A0C91BC942}") = "1509_palindrome", "1509_palindrome\1509_palindrome.vcxproj", "{D28D15AD-35B0-4CD7-A619-EDABB59CD7DE}"
EndProject
Project("{8BC9CEB8-8B4A-11D0-8D11-00A0C91BC942}") = "1562_stair_number", "1562_stair_number\1562_stair_number.vcxproj", "{6A032AFA-20F6-4280-B513-FD8EC986EF31}"
EndProject
Project("{8BC9CEB8-8B4A-11D0-8D11-00A0C91BC942}") = "4716_balloon", "4716_balloon\4716_balloon.vcxproj", "{719DF810-844F-4266-B994-9C4F58C44112}"
EndProject
Project("{8BC9CEB8-8B4A-11D0-8D11-00A0C91BC942}") = "1006_raider", "1006_raider\1006_raider.vcxproj", "{2055A5AF-28D5-4DB7-95FE-A3BCBD7E6248}"
EndProject
Global
	GlobalSection(SolutionConfigurationPlatforms) = preSolution
		Debug|x64 = Debug|x64
		Debug|x86 = Debug|x86
		Release|x64 = Release|x64
		Release|x86 = Release|x86
	EndGlobalSection
	GlobalSection(ProjectConfigurationPlatforms) = postSolution
		{EF896B45-212B-4014-B8C2-6FFF5A031891}.Debug|x64.ActiveCfg = Debug|x64
		{EF896B45-212B-4014-B8C2-6FFF5A031891}.Debug|x64.Build.0 = Debug|x64
		{EF896B45-212B-4014-B8C2-6FFF5A031891}.Debug|x86.ActiveCfg = Debug|Win32
		{EF896B45-212B-4014-B8C2-6FFF5A031891}.Debug|x86.Build.0 = Debug|Win32
		{EF896B45-212B-4014-B8C2-6FFF5A031891}.Release|x64.ActiveCfg = Release|x64
		{EF896B45-212B-4014-B8C2-6FFF5A031891}.Release|x64.Build.0 = Release|x64
		{EF896B45-212B-4014-B8C2-6FFF5A031891}.Release|x86.ActiveCfg = Release|Win32
		{EF896B45-212B-4014-B8C2-6FFF5A031891}.Release|x86.Build.0 = Release|Win32
		{2745FEA0-703A-485D-8505-BA8117886ABF}.Debug|x64.ActiveCfg = Debug|x64
		{2745FEA0-703A-485D-8505-BA8117886ABF}.Debug|x64.Build.0 = Debug|x64
		{2745FEA0-703A-485D-8505-BA8117886ABF}.Debug|x86.ActiveCfg = Debug|Win32
		{2745FEA0-703A-485D-8505-BA8117886ABF}.Debug|x86.Build.0 = Debug|Win32
		{2745FEA0-703A-485D-8505-BA8117886ABF}.Release|x64.ActiveCfg = Release|x64
		{2745FEA0-703A-485D-8505-BA8117886ABF}.Release|x64.Build.0 = Release|x64
		{2745FEA0-703A-485D-8505-BA8117886ABF}.Release|x86.ActiveCfg = Release|Win32
		{2745FEA0-703A-485D-8505-BA8117886ABF}.Release|x86.Build.0 = Release|Win32
		{2AF06BCD-65DB-4B63-BE7D-9009C3DA9776}.Debug|x64.ActiveCfg = Debug|x64
		{2AF06BCD-65DB-4B63-BE7D-9009C3DA9776}.Debug|x64.Build.0 = Debug|x64
		{2AF06BCD-65DB-4B63-BE7D-9009C3DA9776}.Debug|x86.ActiveCfg = Debug|Win32
		{2AF06BCD-65DB-4B63-BE7D-9009C3DA9776}.Debug|x86.Build.0 = Debug|Win32
		{2AF06BCD-65DB-4B63-BE7D-9009C3DA9776}.Release|x64.ActiveCfg = Release|x64
		{2AF06BCD-65DB-4B63-BE7D-9009C3DA9776}.Release|x64.Build.0 = Release|x64
		{2AF06BCD-65DB-4B63-BE7D-9009C3DA9776}.Release|x86.ActiveCfg = Release|Win32
		{2AF06BCD-65DB-4B63-BE7D-9009C3DA9776}.Release|x86.Build.0 = Release|Win32
		{D28D15AD-35B0-4CD7-A619-EDABB59CD7DE}.Debug|x64.ActiveCfg = Debug|x64
		{D28D15AD-35B0-4CD7-A619-EDABB59CD7DE}.Debug|x64.Build.0 = Debug|x64
		{D28D15AD-35B0-4CD7-A619-EDABB59CD7DE}.Debug|x86.ActiveCfg = Debug|Win32
		{D28D15AD-35B0-4CD7-A619-EDABB59CD7DE}.Debug|x86.Build.0 = Debug|Win32
		{D28D15AD-35B0-4CD7-A619-EDABB59CD7DE}.Release|x64.ActiveCfg = Release|x64
		{D28D15AD-35B0-4CD7-A619-EDABB59CD7DE}.Release|x64.Build.0 = Release|x64
		{D28D15AD-35B0-4CD7-A619-EDABB59CD7DE}.Release|x86.ActiveCfg = Release|Win32
		{D28D15AD-35B0-4CD7-A619-EDABB59CD7DE}.Release|x86.Build.0 = Release|Win32
		{6A032AFA-20F6-4280-B513-FD8EC986EF31}.Debug|x64.ActiveCfg = Debug|x64
		{6A032AFA-20F6-4280-B513-FD8EC986EF31}.Debug|x64.Build.0 = Debug|x64
		{6A032AFA-20F6-4280-B513-FD8EC986EF31}.Debug|x86.ActiveCfg = Debug|Win32
		{6A032AFA-20F6-4280-B513-FD8EC986EF31}.Debug|x86.Build.0 = Debug|Win32
		{6A032AFA-20F6-4280-B513-FD8EC986EF31}.Release|x64.ActiveCfg = Release|x64
		{6A032AFA-20F6-4280-B513-FD8EC986EF31}.Release|x64.Build.0 = Release|x64
		{6A032AFA-20F6-4280-B513-FD8EC986EF31}.Release|x86.ActiveCfg = Release|Win32
		{6A032AFA-20F6-4280-B513-FD8EC986EF31}.Release|x86.Build.0 = Release|Win32
		{719DF810-844F-4266-B994-9C4F58C44112}.Debug|x64.ActiveCfg = Debug|x64
		{719DF810-844F-4266-B994-9C4F58C44112}.Debug|x64.Build.0 = Debug|x64
		{719DF810-844F-4266-B994-9C4F58C44112}.Debug|x86.ActiveCfg = Debug|Win32
		{719DF810-844F-4266-B994-9C4F58C44112}.Debug|x86.Build.0 = Debug|Win32
		{719DF810-844F-4266-B994-9C4F58C44112}.Release|x64.ActiveCfg = Release|x64
		{719DF810-844F-4266-B994-9C4F58C44112}.Release|x64.Build.0 = Release|x64
		{719DF810-844F-4266-B994-9C4F58C44112}.Release|x86.ActiveCfg = Release|Win32
		{719DF810-844F-4266-B994-9C4F58C44112}.Release|x86.Build.0 = Release|Win32
		{2055A5AF-28D5-4DB7-95FE-A3BCBD7E6248}.Debug|x64.ActiveCfg = Debug|x64
		{2055A5AF-28D5-4DB7-95FE-A3BCBD7E6248}.Debug|x64.Build.0 = Debug|x64
		{2055A5AF-28D5-4DB7-95FE-A3BCBD7E6248}.Debug|x86.ActiveCfg = Debug|Win32
		{2055A5AF-28D5-4DB7-95FE-A3BCBD7E6248}.Debug|x86.Build.0 = Debug|Win32
		{2055A5AF-28D5-4DB7-95FE-A3BCBD7E6248}.Release|x64.ActiveCfg = Release|x64
		{2055A5AF-28D5-4DB7-95FE-A3BCBD7E6248}.Release|x64.Build.0 = Release|x64
		{2055A5AF-28D5-4DB7-95FE-A3BCBD7E6248}.Release|x86.ActiveCfg = Release|Win32
		{2055A5AF-28D5-4DB7-95FE-A3BCBD7E6248}.Release|x86.Build.0 = Release|Win32
	EndGlobalSection
	GlobalSection(SolutionProperties) = preSolution
		HideSolutionNode = FALSE
	EndGlobalSection
	GlobalSection(ExtensibilityGlobals) = postSolution
		SolutionGuid = {7244765C-C671-4D61-AC8D-A291D50AABEA}
	EndGlobalSection
EndGlobal
