
Microsoft Visual Studio Solution File, Format Version 12.00
# Visual Studio Version 17
VisualStudioVersion = 17.5.33516.290
MinimumVisualStudioVersion = 10.0.40219.1
Project("{8BC9CEB8-8B4A-11D0-8D11-00A0C91BC942}") = "1459_walking", "1459_walking\1459_walking.vcxproj", "{8F5D236C-2DC8-4F02-B81F-6EB7D294ECE4}"
EndProject
Project("{8BC9CEB8-8B4A-11D0-8D11-00A0C91BC942}") = "17465_dynamicConnectivityAndQuery", "17465_dynamicConnectionAndQuery\17465_dynamicConnectionAndQuery.vcxproj", "{6A46F97F-C9FD-49BE-8F82-03025C7D3629}"
EndProject
Project("{8BC9CEB8-8B4A-11D0-8D11-00A0C91BC942}") = "testDataGenerator", "testDataGenerator\testDataGenerator.vcxproj", "{23B6C6BA-B519-4198-9FA0-366A610BC67E}"
EndProject
Project("{8BC9CEB8-8B4A-11D0-8D11-00A0C91BC942}") = "1826_fuel", "1826_fuel\1826_fuel.vcxproj", "{7BBC7643-5601-445E-9068-DA28F46C37B6}"
EndProject
Project("{8BC9CEB8-8B4A-11D0-8D11-00A0C91BC942}") = "1508_race", "1508_race\1508_race.vcxproj", "{C97B80A5-65F5-44B2-94BC-C9AF6EA6743D}"
EndProject
Project("{8BC9CEB8-8B4A-11D0-8D11-00A0C91BC942}") = "31399_aris", "31399_aris\31399_aris.vcxproj", "{6EA8AB9D-A8AB-4BAB-BE17-3B7AD14A3577}"
EndProject
Project("{8BC9CEB8-8B4A-11D0-8D11-00A0C91BC942}") = "1294_string_decoration", "1294_string_decoration\1294_string_decoration.vcxproj", "{36E9807B-FD95-4CC4-A3F2-D7545AD0D90F}"
EndProject
Project("{8BC9CEB8-8B4A-11D0-8D11-00A0C91BC942}") = "1006_raider", "1006_raider\1006_raider.vcxproj", "{2055A5AF-28D5-4DB7-95FE-A3BCBD7E6248}"
EndProject
Project("{8BC9CEB8-8B4A-11D0-8D11-00A0C91BC942}") = "1802_origami", "1802_origami\1802_origami.vcxproj", "{44F658D4-A9D0-48D1-AB98-18B3DB3F69F9}"
EndProject
Global
	GlobalSection(SolutionConfigurationPlatforms) = preSolution
		Debug|x64 = Debug|x64
		Debug|x86 = Debug|x86
		Release|x64 = Release|x64
		Release|x86 = Release|x86
	EndGlobalSection
	GlobalSection(ProjectConfigurationPlatforms) = postSolution
		{8F5D236C-2DC8-4F02-B81F-6EB7D294ECE4}.Debug|x64.ActiveCfg = Debug|x64
		{8F5D236C-2DC8-4F02-B81F-6EB7D294ECE4}.Debug|x64.Build.0 = Debug|x64
		{8F5D236C-2DC8-4F02-B81F-6EB7D294ECE4}.Debug|x86.ActiveCfg = Debug|Win32
		{8F5D236C-2DC8-4F02-B81F-6EB7D294ECE4}.Debug|x86.Build.0 = Debug|Win32
		{8F5D236C-2DC8-4F02-B81F-6EB7D294ECE4}.Release|x64.ActiveCfg = Release|x64
		{8F5D236C-2DC8-4F02-B81F-6EB7D294ECE4}.Release|x64.Build.0 = Release|x64
		{8F5D236C-2DC8-4F02-B81F-6EB7D294ECE4}.Release|x86.ActiveCfg = Release|Win32
		{8F5D236C-2DC8-4F02-B81F-6EB7D294ECE4}.Release|x86.Build.0 = Release|Win32
		{6A46F97F-C9FD-49BE-8F82-03025C7D3629}.Debug|x64.ActiveCfg = Debug|x64
		{6A46F97F-C9FD-49BE-8F82-03025C7D3629}.Debug|x64.Build.0 = Debug|x64
		{6A46F97F-C9FD-49BE-8F82-03025C7D3629}.Debug|x86.ActiveCfg = Debug|Win32
		{6A46F97F-C9FD-49BE-8F82-03025C7D3629}.Debug|x86.Build.0 = Debug|Win32
		{6A46F97F-C9FD-49BE-8F82-03025C7D3629}.Release|x64.ActiveCfg = Release|x64
		{6A46F97F-C9FD-49BE-8F82-03025C7D3629}.Release|x64.Build.0 = Release|x64
		{6A46F97F-C9FD-49BE-8F82-03025C7D3629}.Release|x86.ActiveCfg = Release|Win32
		{6A46F97F-C9FD-49BE-8F82-03025C7D3629}.Release|x86.Build.0 = Release|Win32
		{23B6C6BA-B519-4198-9FA0-366A610BC67E}.Debug|x64.ActiveCfg = Debug|x64
		{23B6C6BA-B519-4198-9FA0-366A610BC67E}.Debug|x64.Build.0 = Debug|x64
		{23B6C6BA-B519-4198-9FA0-366A610BC67E}.Debug|x86.ActiveCfg = Debug|Win32
		{23B6C6BA-B519-4198-9FA0-366A610BC67E}.Debug|x86.Build.0 = Debug|Win32
		{23B6C6BA-B519-4198-9FA0-366A610BC67E}.Release|x64.ActiveCfg = Release|x64
		{23B6C6BA-B519-4198-9FA0-366A610BC67E}.Release|x64.Build.0 = Release|x64
		{23B6C6BA-B519-4198-9FA0-366A610BC67E}.Release|x86.ActiveCfg = Release|Win32
		{23B6C6BA-B519-4198-9FA0-366A610BC67E}.Release|x86.Build.0 = Release|Win32
		{7BBC7643-5601-445E-9068-DA28F46C37B6}.Debug|x64.ActiveCfg = Debug|x64
		{7BBC7643-5601-445E-9068-DA28F46C37B6}.Debug|x64.Build.0 = Debug|x64
		{7BBC7643-5601-445E-9068-DA28F46C37B6}.Debug|x86.ActiveCfg = Debug|Win32
		{7BBC7643-5601-445E-9068-DA28F46C37B6}.Debug|x86.Build.0 = Debug|Win32
		{7BBC7643-5601-445E-9068-DA28F46C37B6}.Release|x64.ActiveCfg = Release|x64
		{7BBC7643-5601-445E-9068-DA28F46C37B6}.Release|x64.Build.0 = Release|x64
		{7BBC7643-5601-445E-9068-DA28F46C37B6}.Release|x86.ActiveCfg = Release|Win32
		{7BBC7643-5601-445E-9068-DA28F46C37B6}.Release|x86.Build.0 = Release|Win32
		{C97B80A5-65F5-44B2-94BC-C9AF6EA6743D}.Debug|x64.ActiveCfg = Debug|x64
		{C97B80A5-65F5-44B2-94BC-C9AF6EA6743D}.Debug|x64.Build.0 = Debug|x64
		{C97B80A5-65F5-44B2-94BC-C9AF6EA6743D}.Debug|x86.ActiveCfg = Debug|Win32
		{C97B80A5-65F5-44B2-94BC-C9AF6EA6743D}.Debug|x86.Build.0 = Debug|Win32
		{C97B80A5-65F5-44B2-94BC-C9AF6EA6743D}.Release|x64.ActiveCfg = Release|x64
		{C97B80A5-65F5-44B2-94BC-C9AF6EA6743D}.Release|x64.Build.0 = Release|x64
		{C97B80A5-65F5-44B2-94BC-C9AF6EA6743D}.Release|x86.ActiveCfg = Release|Win32
		{C97B80A5-65F5-44B2-94BC-C9AF6EA6743D}.Release|x86.Build.0 = Release|Win32
		{6EA8AB9D-A8AB-4BAB-BE17-3B7AD14A3577}.Debug|x64.ActiveCfg = Debug|x64
		{6EA8AB9D-A8AB-4BAB-BE17-3B7AD14A3577}.Debug|x64.Build.0 = Debug|x64
		{6EA8AB9D-A8AB-4BAB-BE17-3B7AD14A3577}.Debug|x86.ActiveCfg = Debug|Win32
		{6EA8AB9D-A8AB-4BAB-BE17-3B7AD14A3577}.Debug|x86.Build.0 = Debug|Win32
		{6EA8AB9D-A8AB-4BAB-BE17-3B7AD14A3577}.Release|x64.ActiveCfg = Release|x64
		{6EA8AB9D-A8AB-4BAB-BE17-3B7AD14A3577}.Release|x64.Build.0 = Release|x64
		{6EA8AB9D-A8AB-4BAB-BE17-3B7AD14A3577}.Release|x86.ActiveCfg = Release|Win32
		{6EA8AB9D-A8AB-4BAB-BE17-3B7AD14A3577}.Release|x86.Build.0 = Release|Win32
		{36E9807B-FD95-4CC4-A3F2-D7545AD0D90F}.Debug|x64.ActiveCfg = Debug|x64
		{36E9807B-FD95-4CC4-A3F2-D7545AD0D90F}.Debug|x64.Build.0 = Debug|x64
		{36E9807B-FD95-4CC4-A3F2-D7545AD0D90F}.Debug|x86.ActiveCfg = Debug|Win32
		{36E9807B-FD95-4CC4-A3F2-D7545AD0D90F}.Debug|x86.Build.0 = Debug|Win32
		{36E9807B-FD95-4CC4-A3F2-D7545AD0D90F}.Release|x64.ActiveCfg = Release|x64
		{36E9807B-FD95-4CC4-A3F2-D7545AD0D90F}.Release|x64.Build.0 = Release|x64
		{36E9807B-FD95-4CC4-A3F2-D7545AD0D90F}.Release|x86.ActiveCfg = Release|Win32
		{36E9807B-FD95-4CC4-A3F2-D7545AD0D90F}.Release|x86.Build.0 = Release|Win32
		{2055A5AF-28D5-4DB7-95FE-A3BCBD7E6248}.Debug|x64.ActiveCfg = Debug|x64
		{2055A5AF-28D5-4DB7-95FE-A3BCBD7E6248}.Debug|x64.Build.0 = Debug|x64
		{2055A5AF-28D5-4DB7-95FE-A3BCBD7E6248}.Debug|x86.ActiveCfg = Debug|Win32
		{2055A5AF-28D5-4DB7-95FE-A3BCBD7E6248}.Debug|x86.Build.0 = Debug|Win32
		{2055A5AF-28D5-4DB7-95FE-A3BCBD7E6248}.Release|x64.ActiveCfg = Release|x64
		{2055A5AF-28D5-4DB7-95FE-A3BCBD7E6248}.Release|x64.Build.0 = Release|x64
		{2055A5AF-28D5-4DB7-95FE-A3BCBD7E6248}.Release|x86.ActiveCfg = Release|Win32
		{2055A5AF-28D5-4DB7-95FE-A3BCBD7E6248}.Release|x86.Build.0 = Release|Win32
		{44F658D4-A9D0-48D1-AB98-18B3DB3F69F9}.Debug|x64.ActiveCfg = Debug|x64
		{44F658D4-A9D0-48D1-AB98-18B3DB3F69F9}.Debug|x64.Build.0 = Debug|x64
		{44F658D4-A9D0-48D1-AB98-18B3DB3F69F9}.Debug|x86.ActiveCfg = Debug|Win32
		{44F658D4-A9D0-48D1-AB98-18B3DB3F69F9}.Debug|x86.Build.0 = Debug|Win32
		{44F658D4-A9D0-48D1-AB98-18B3DB3F69F9}.Release|x64.ActiveCfg = Release|x64
		{44F658D4-A9D0-48D1-AB98-18B3DB3F69F9}.Release|x64.Build.0 = Release|x64
		{44F658D4-A9D0-48D1-AB98-18B3DB3F69F9}.Release|x86.ActiveCfg = Release|Win32
		{44F658D4-A9D0-48D1-AB98-18B3DB3F69F9}.Release|x86.Build.0 = Release|Win32
	EndGlobalSection
	GlobalSection(SolutionProperties) = preSolution
		HideSolutionNode = FALSE
	EndGlobalSection
	GlobalSection(ExtensibilityGlobals) = postSolution
		SolutionGuid = {7244765C-C671-4D61-AC8D-A291D50AABEA}
	EndGlobalSection
EndGlobal
