
Microsoft Visual Studio Solution File, Format Version 12.00
# Visual Studio Version 17
VisualStudioVersion = 17.5.33516.290
MinimumVisualStudioVersion = 10.0.40219.1
Project("{8BC9CEB8-8B4A-11D0-8D11-00A0C91BC942}") = "2021_ranking", "2021_ranking\2021_ranking.vcxproj", "{EF896B45-212B-4014-B8C2-6FFF5A031891}"
EndProject
Project("{8BC9CEB8-8B4A-11D0-8D11-00A0C91BC942}") = "1005_acm", "1005_acm\1005_acm.vcxproj", "{2745FEA0-703A-485D-8505-BA8117886ABF}"
EndProject
Project("{8BC9CEB8-8B4A-11D0-8D11-00A0C91BC942}") = "1208_sum_of_subsequence", "1208_sum_of_subsequence\1208_sum_of_subsequence.vcxproj", "{2AF06BCD-65DB-4B63-BE7D-9009C3DA9776}"
EndProject
Project("{8BC9CEB8-8B4A-11D0-8D11-00A0C91BC942}") = "1509_palindrome", "1509_palindrome\1509_palindrome.vcxproj", "{D28D15AD-35B0-4CD7-A619-EDABB59CD7DE}"
EndProject
Project("{8BC9CEB8-8B4A-11D0-8D11-00A0C91BC942}") = "1562_stair_number", "1562_stair_number\1562_stair_number.vcxproj", "{6A032AFA-20F6-4280-B513-FD8EC986EF31}"
EndProject
Project("{8BC9CEB8-8B4A-11D0-8D11-00A0C91BC942}") = "4716_balloon", "4716_balloon\4716_balloon.vcxproj", "{719DF810-844F-4266-B994-9C4F58C44112}"
EndProject
Project("{8BC9CEB8-8B4A-11D0-8D11-00A0C91BC942}") = "1644_sum_of_prime_number", "1644_sum_of_prime_number\1644_sum_of_prime_number.vcxproj", "{A2646813-2D7E-4470-ABE7-50202AE0A5A4}"
EndProject
Project("{8BC9CEB8-8B4A-11D0-8D11-00A0C91BC942}") = "1647_city_partitioning", "1647_city_partitioning\1647_city_partitioning.vcxproj", "{8943B8E0-8961-46DF-B6B1-B7CC4C46A813}"
EndProject
Project("{8BC9CEB8-8B4A-11D0-8D11-00A0C91BC942}") = "1766_workbook", "1766_workbook\1766_workbook.vcxproj", "{99D5C7FF-8594-461F-9AB8-91EB114FBE6D}"
EndProject
Project("{8BC9CEB8-8B4A-11D0-8D11-00A0C91BC942}") = "1799_bishop", "1799_bishop\1799_bishop.vcxproj", "{1EF8C435-DAE8-4E6F-BCE6-1E0E5375BC5C}"
EndProject
Project("{8BC9CEB8-8B4A-11D0-8D11-00A0C91BC942}") = "1006_raider", "1006_raider\1006_raider.vcxproj", "{2055A5AF-28D5-4DB7-95FE-A3BCBD7E6248}"
EndProject
Project("{8BC9CEB8-8B4A-11D0-8D11-00A0C91BC942}") = "2098_tsp", "2098_tsp\2098_tsp.vcxproj", "{BED81547-3BDB-437B-A18A-B334CC326600}"
EndProject
Project("{8BC9CEB8-8B4A-11D0-8D11-00A0C91BC942}") = "2143_sum_of_sequence", "2143_sum_of_sequence\2143_sum_of_sequence.vcxproj", "{5ECAF8DA-14F5-4477-8F5D-4FE703834ECE}"
EndProject
Project("{8BC9CEB8-8B4A-11D0-8D11-00A0C91BC942}") = "2162_line_group", "2162_line_group\2162_line_group.vcxproj", "{465DA3D3-0D4F-4AB3-8B6B-F5D43CE7FD7D}"
EndProject
Project("{8BC9CEB8-8B4A-11D0-8D11-00A0C91BC942}") = "2166_area_of_polygon", "2166_area_of_polygon\2166_area_of_polygon.vcxproj", "{B4D6140A-75A7-495A-9B51-E1F3B9F2FA76}"
EndProject
Project("{8BC9CEB8-8B4A-11D0-8D11-00A0C91BC942}") = "2239_sudoku", "2239_sudoku\2239_sudoku.vcxproj", "{F67D8117-E4E2-4828-A2B7-9AAB3E418BD1}"
EndProject
Project("{8BC9CEB8-8B4A-11D0-8D11-00A0C91BC942}") = "2252_line_up", "2252_line_up\2252_line_up.vcxproj", "{AFF066AB-CFFD-41CB-A128-D29770683C3C}"
EndProject
Project("{8BC9CEB8-8B4A-11D0-8D11-00A0C91BC942}") = "1014_cheating", "1014_cheating\1014_cheating.vcxproj", "{C81C85AB-36B2-4541-A160-7D7F55F5F1D3}"
EndProject
Project("{8BC9CEB8-8B4A-11D0-8D11-00A0C91BC942}") = "11689_GCD", "11689_GCD\11689_GCD.vcxproj", "{A554B597-8A8D-48FF-A01E-BE4CBB9C98F9}"
EndProject
Project("{8BC9CEB8-8B4A-11D0-8D11-00A0C91BC942}") = "1948_critical_path", "1948_critical_path\1948_critical_path.vcxproj", "{9B5C051A-B77E-4726-9156-D69F37AF1217}"
EndProject
Project("{8BC9CEB8-8B4A-11D0-8D11-00A0C91BC942}") = "31399_aris", "31399_aris\31399_aris.vcxproj", "{6EA8AB9D-A8AB-4BAB-BE17-3B7AD14A3577}"
EndProject
Project("{8BC9CEB8-8B4A-11D0-8D11-00A0C91BC942}") = "31399_aris_v2", "31399_aris_v2\31399_aris_v2.vcxproj", "{CD240905-3F98-420E-9289-2B4358867C57}"
EndProject
Project("{8BC9CEB8-8B4A-11D0-8D11-00A0C91BC942}") = "10266_clock_photos", "10266_clock_photos\10266_clock_photos.vcxproj", "{F7DD714B-CB8A-455B-A44F-FE58B95D5534}"
EndProject
Project("{8BC9CEB8-8B4A-11D0-8D11-00A0C91BC942}") = "5670_keyboard", "5670_keyboard\5670_keyboard.vcxproj", "{87C4321C-B145-4962-AA64-0C40C8B9ADA9}"
EndProject
Project("{8BC9CEB8-8B4A-11D0-8D11-00A0C91BC942}") = "2887_planet_tunnel", "2887_planet_tunnel\2887_planet_tunnel.vcxproj", "{892845F3-EF03-4BC0-A54E-EA8AA75F58C7}"
EndProject
Global
	GlobalSection(SolutionConfigurationPlatforms) = preSolution
		Debug|x64 = Debug|x64
		Debug|x86 = Debug|x86
		Release|x64 = Release|x64
		Release|x86 = Release|x86
	EndGlobalSection
	GlobalSection(ProjectConfigurationPlatforms) = postSolution
		{EF896B45-212B-4014-B8C2-6FFF5A031891}.Debug|x64.ActiveCfg = Debug|x64
		{EF896B45-212B-4014-B8C2-6FFF5A031891}.Debug|x64.Build.0 = Debug|x64
		{EF896B45-212B-4014-B8C2-6FFF5A031891}.Debug|x86.ActiveCfg = Debug|Win32
		{EF896B45-212B-4014-B8C2-6FFF5A031891}.Debug|x86.Build.0 = Debug|Win32
		{EF896B45-212B-4014-B8C2-6FFF5A031891}.Release|x64.ActiveCfg = Release|x64
		{EF896B45-212B-4014-B8C2-6FFF5A031891}.Release|x64.Build.0 = Release|x64
		{EF896B45-212B-4014-B8C2-6FFF5A031891}.Release|x86.ActiveCfg = Release|Win32
		{EF896B45-212B-4014-B8C2-6FFF5A031891}.Release|x86.Build.0 = Release|Win32
		{2745FEA0-703A-485D-8505-BA8117886ABF}.Debug|x64.ActiveCfg = Debug|x64
		{2745FEA0-703A-485D-8505-BA8117886ABF}.Debug|x64.Build.0 = Debug|x64
		{2745FEA0-703A-485D-8505-BA8117886ABF}.Debug|x86.ActiveCfg = Debug|Win32
		{2745FEA0-703A-485D-8505-BA8117886ABF}.Debug|x86.Build.0 = Debug|Win32
		{2745FEA0-703A-485D-8505-BA8117886ABF}.Release|x64.ActiveCfg = Release|x64
		{2745FEA0-703A-485D-8505-BA8117886ABF}.Release|x64.Build.0 = Release|x64
		{2745FEA0-703A-485D-8505-BA8117886ABF}.Release|x86.ActiveCfg = Release|Win32
		{2745FEA0-703A-485D-8505-BA8117886ABF}.Release|x86.Build.0 = Release|Win32
		{2AF06BCD-65DB-4B63-BE7D-9009C3DA9776}.Debug|x64.ActiveCfg = Debug|x64
		{2AF06BCD-65DB-4B63-BE7D-9009C3DA9776}.Debug|x64.Build.0 = Debug|x64
		{2AF06BCD-65DB-4B63-BE7D-9009C3DA9776}.Debug|x86.ActiveCfg = Debug|Win32
		{2AF06BCD-65DB-4B63-BE7D-9009C3DA9776}.Debug|x86.Build.0 = Debug|Win32
		{2AF06BCD-65DB-4B63-BE7D-9009C3DA9776}.Release|x64.ActiveCfg = Release|x64
		{2AF06BCD-65DB-4B63-BE7D-9009C3DA9776}.Release|x64.Build.0 = Release|x64
		{2AF06BCD-65DB-4B63-BE7D-9009C3DA9776}.Release|x86.ActiveCfg = Release|Win32
		{2AF06BCD-65DB-4B63-BE7D-9009C3DA9776}.Release|x86.Build.0 = Release|Win32
		{D28D15AD-35B0-4CD7-A619-EDABB59CD7DE}.Debug|x64.ActiveCfg = Debug|x64
		{D28D15AD-35B0-4CD7-A619-EDABB59CD7DE}.Debug|x64.Build.0 = Debug|x64
		{D28D15AD-35B0-4CD7-A619-EDABB59CD7DE}.Debug|x86.ActiveCfg = Debug|Win32
		{D28D15AD-35B0-4CD7-A619-EDABB59CD7DE}.Debug|x86.Build.0 = Debug|Win32
		{D28D15AD-35B0-4CD7-A619-EDABB59CD7DE}.Release|x64.ActiveCfg = Release|x64
		{D28D15AD-35B0-4CD7-A619-EDABB59CD7DE}.Release|x64.Build.0 = Release|x64
		{D28D15AD-35B0-4CD7-A619-EDABB59CD7DE}.Release|x86.ActiveCfg = Release|Win32
		{D28D15AD-35B0-4CD7-A619-EDABB59CD7DE}.Release|x86.Build.0 = Release|Win32
		{6A032AFA-20F6-4280-B513-FD8EC986EF31}.Debug|x64.ActiveCfg = Debug|x64
		{6A032AFA-20F6-4280-B513-FD8EC986EF31}.Debug|x64.Build.0 = Debug|x64
		{6A032AFA-20F6-4280-B513-FD8EC986EF31}.Debug|x86.ActiveCfg = Debug|Win32
		{6A032AFA-20F6-4280-B513-FD8EC986EF31}.Debug|x86.Build.0 = Debug|Win32
		{6A032AFA-20F6-4280-B513-FD8EC986EF31}.Release|x64.ActiveCfg = Release|x64
		{6A032AFA-20F6-4280-B513-FD8EC986EF31}.Release|x64.Build.0 = Release|x64
		{6A032AFA-20F6-4280-B513-FD8EC986EF31}.Release|x86.ActiveCfg = Release|Win32
		{6A032AFA-20F6-4280-B513-FD8EC986EF31}.Release|x86.Build.0 = Release|Win32
		{719DF810-844F-4266-B994-9C4F58C44112}.Debug|x64.ActiveCfg = Debug|x64
		{719DF810-844F-4266-B994-9C4F58C44112}.Debug|x64.Build.0 = Debug|x64
		{719DF810-844F-4266-B994-9C4F58C44112}.Debug|x86.ActiveCfg = Debug|Win32
		{719DF810-844F-4266-B994-9C4F58C44112}.Debug|x86.Build.0 = Debug|Win32
		{719DF810-844F-4266-B994-9C4F58C44112}.Release|x64.ActiveCfg = Release|x64
		{719DF810-844F-4266-B994-9C4F58C44112}.Release|x64.Build.0 = Release|x64
		{719DF810-844F-4266-B994-9C4F58C44112}.Release|x86.ActiveCfg = Release|Win32
		{719DF810-844F-4266-B994-9C4F58C44112}.Release|x86.Build.0 = Release|Win32
		{A2646813-2D7E-4470-ABE7-50202AE0A5A4}.Debug|x64.ActiveCfg = Debug|x64
		{A2646813-2D7E-4470-ABE7-50202AE0A5A4}.Debug|x64.Build.0 = Debug|x64
		{A2646813-2D7E-4470-ABE7-50202AE0A5A4}.Debug|x86.ActiveCfg = Debug|Win32
		{A2646813-2D7E-4470-ABE7-50202AE0A5A4}.Debug|x86.Build.0 = Debug|Win32
		{A2646813-2D7E-4470-ABE7-50202AE0A5A4}.Release|x64.ActiveCfg = Release|x64
		{A2646813-2D7E-4470-ABE7-50202AE0A5A4}.Release|x64.Build.0 = Release|x64
		{A2646813-2D7E-4470-ABE7-50202AE0A5A4}.Release|x86.ActiveCfg = Release|Win32
		{A2646813-2D7E-4470-ABE7-50202AE0A5A4}.Release|x86.Build.0 = Release|Win32
		{8943B8E0-8961-46DF-B6B1-B7CC4C46A813}.Debug|x64.ActiveCfg = Debug|x64
		{8943B8E0-8961-46DF-B6B1-B7CC4C46A813}.Debug|x64.Build.0 = Debug|x64
		{8943B8E0-8961-46DF-B6B1-B7CC4C46A813}.Debug|x86.ActiveCfg = Debug|Win32
		{8943B8E0-8961-46DF-B6B1-B7CC4C46A813}.Debug|x86.Build.0 = Debug|Win32
		{8943B8E0-8961-46DF-B6B1-B7CC4C46A813}.Release|x64.ActiveCfg = Release|x64
		{8943B8E0-8961-46DF-B6B1-B7CC4C46A813}.Release|x64.Build.0 = Release|x64
		{8943B8E0-8961-46DF-B6B1-B7CC4C46A813}.Release|x86.ActiveCfg = Release|Win32
		{8943B8E0-8961-46DF-B6B1-B7CC4C46A813}.Release|x86.Build.0 = Release|Win32
		{99D5C7FF-8594-461F-9AB8-91EB114FBE6D}.Debug|x64.ActiveCfg = Debug|x64
		{99D5C7FF-8594-461F-9AB8-91EB114FBE6D}.Debug|x64.Build.0 = Debug|x64
		{99D5C7FF-8594-461F-9AB8-91EB114FBE6D}.Debug|x86.ActiveCfg = Debug|Win32
		{99D5C7FF-8594-461F-9AB8-91EB114FBE6D}.Debug|x86.Build.0 = Debug|Win32
		{99D5C7FF-8594-461F-9AB8-91EB114FBE6D}.Release|x64.ActiveCfg = Release|x64
		{99D5C7FF-8594-461F-9AB8-91EB114FBE6D}.Release|x64.Build.0 = Release|x64
		{99D5C7FF-8594-461F-9AB8-91EB114FBE6D}.Release|x86.ActiveCfg = Release|Win32
		{99D5C7FF-8594-461F-9AB8-91EB114FBE6D}.Release|x86.Build.0 = Release|Win32
		{1EF8C435-DAE8-4E6F-BCE6-1E0E5375BC5C}.Debug|x64.ActiveCfg = Debug|x64
		{1EF8C435-DAE8-4E6F-BCE6-1E0E5375BC5C}.Debug|x64.Build.0 = Debug|x64
		{1EF8C435-DAE8-4E6F-BCE6-1E0E5375BC5C}.Debug|x86.ActiveCfg = Debug|Win32
		{1EF8C435-DAE8-4E6F-BCE6-1E0E5375BC5C}.Debug|x86.Build.0 = Debug|Win32
		{1EF8C435-DAE8-4E6F-BCE6-1E0E5375BC5C}.Release|x64.ActiveCfg = Release|x64
		{1EF8C435-DAE8-4E6F-BCE6-1E0E5375BC5C}.Release|x64.Build.0 = Release|x64
		{1EF8C435-DAE8-4E6F-BCE6-1E0E5375BC5C}.Release|x86.ActiveCfg = Release|Win32
		{1EF8C435-DAE8-4E6F-BCE6-1E0E5375BC5C}.Release|x86.Build.0 = Release|Win32
		{2055A5AF-28D5-4DB7-95FE-A3BCBD7E6248}.Debug|x64.ActiveCfg = Debug|x64
		{2055A5AF-28D5-4DB7-95FE-A3BCBD7E6248}.Debug|x64.Build.0 = Debug|x64
		{2055A5AF-28D5-4DB7-95FE-A3BCBD7E6248}.Debug|x86.ActiveCfg = Debug|Win32
		{2055A5AF-28D5-4DB7-95FE-A3BCBD7E6248}.Debug|x86.Build.0 = Debug|Win32
		{2055A5AF-28D5-4DB7-95FE-A3BCBD7E6248}.Release|x64.ActiveCfg = Release|x64
		{2055A5AF-28D5-4DB7-95FE-A3BCBD7E6248}.Release|x64.Build.0 = Release|x64
		{2055A5AF-28D5-4DB7-95FE-A3BCBD7E6248}.Release|x86.ActiveCfg = Release|Win32
		{2055A5AF-28D5-4DB7-95FE-A3BCBD7E6248}.Release|x86.Build.0 = Release|Win32
		{BED81547-3BDB-437B-A18A-B334CC326600}.Debug|x64.ActiveCfg = Debug|x64
		{BED81547-3BDB-437B-A18A-B334CC326600}.Debug|x64.Build.0 = Debug|x64
		{BED81547-3BDB-437B-A18A-B334CC326600}.Debug|x86.ActiveCfg = Debug|Win32
		{BED81547-3BDB-437B-A18A-B334CC326600}.Debug|x86.Build.0 = Debug|Win32
		{BED81547-3BDB-437B-A18A-B334CC326600}.Release|x64.ActiveCfg = Release|x64
		{BED81547-3BDB-437B-A18A-B334CC326600}.Release|x64.Build.0 = Release|x64
		{BED81547-3BDB-437B-A18A-B334CC326600}.Release|x86.ActiveCfg = Release|Win32
		{BED81547-3BDB-437B-A18A-B334CC326600}.Release|x86.Build.0 = Release|Win32
		{5ECAF8DA-14F5-4477-8F5D-4FE703834ECE}.Debug|x64.ActiveCfg = Debug|x64
		{5ECAF8DA-14F5-4477-8F5D-4FE703834ECE}.Debug|x64.Build.0 = Debug|x64
		{5ECAF8DA-14F5-4477-8F5D-4FE703834ECE}.Debug|x86.ActiveCfg = Debug|Win32
		{5ECAF8DA-14F5-4477-8F5D-4FE703834ECE}.Debug|x86.Build.0 = Debug|Win32
		{5ECAF8DA-14F5-4477-8F5D-4FE703834ECE}.Release|x64.ActiveCfg = Release|x64
		{5ECAF8DA-14F5-4477-8F5D-4FE703834ECE}.Release|x64.Build.0 = Release|x64
		{5ECAF8DA-14F5-4477-8F5D-4FE703834ECE}.Release|x86.ActiveCfg = Release|Win32
		{5ECAF8DA-14F5-4477-8F5D-4FE703834ECE}.Release|x86.Build.0 = Release|Win32
		{465DA3D3-0D4F-4AB3-8B6B-F5D43CE7FD7D}.Debug|x64.ActiveCfg = Debug|x64
		{465DA3D3-0D4F-4AB3-8B6B-F5D43CE7FD7D}.Debug|x64.Build.0 = Debug|x64
		{465DA3D3-0D4F-4AB3-8B6B-F5D43CE7FD7D}.Debug|x86.ActiveCfg = Debug|Win32
		{465DA3D3-0D4F-4AB3-8B6B-F5D43CE7FD7D}.Debug|x86.Build.0 = Debug|Win32
		{465DA3D3-0D4F-4AB3-8B6B-F5D43CE7FD7D}.Release|x64.ActiveCfg = Release|x64
		{465DA3D3-0D4F-4AB3-8B6B-F5D43CE7FD7D}.Release|x64.Build.0 = Release|x64
		{465DA3D3-0D4F-4AB3-8B6B-F5D43CE7FD7D}.Release|x86.ActiveCfg = Release|Win32
		{465DA3D3-0D4F-4AB3-8B6B-F5D43CE7FD7D}.Release|x86.Build.0 = Release|Win32
		{B4D6140A-75A7-495A-9B51-E1F3B9F2FA76}.Debug|x64.ActiveCfg = Debug|x64
		{B4D6140A-75A7-495A-9B51-E1F3B9F2FA76}.Debug|x64.Build.0 = Debug|x64
		{B4D6140A-75A7-495A-9B51-E1F3B9F2FA76}.Debug|x86.ActiveCfg = Debug|Win32
		{B4D6140A-75A7-495A-9B51-E1F3B9F2FA76}.Debug|x86.Build.0 = Debug|Win32
		{B4D6140A-75A7-495A-9B51-E1F3B9F2FA76}.Release|x64.ActiveCfg = Release|x64
		{B4D6140A-75A7-495A-9B51-E1F3B9F2FA76}.Release|x64.Build.0 = Release|x64
		{B4D6140A-75A7-495A-9B51-E1F3B9F2FA76}.Release|x86.ActiveCfg = Release|Win32
		{B4D6140A-75A7-495A-9B51-E1F3B9F2FA76}.Release|x86.Build.0 = Release|Win32
		{F67D8117-E4E2-4828-A2B7-9AAB3E418BD1}.Debug|x64.ActiveCfg = Debug|x64
		{F67D8117-E4E2-4828-A2B7-9AAB3E418BD1}.Debug|x64.Build.0 = Debug|x64
		{F67D8117-E4E2-4828-A2B7-9AAB3E418BD1}.Debug|x86.ActiveCfg = Debug|Win32
		{F67D8117-E4E2-4828-A2B7-9AAB3E418BD1}.Debug|x86.Build.0 = Debug|Win32
		{F67D8117-E4E2-4828-A2B7-9AAB3E418BD1}.Release|x64.ActiveCfg = Release|x64
		{F67D8117-E4E2-4828-A2B7-9AAB3E418BD1}.Release|x64.Build.0 = Release|x64
		{F67D8117-E4E2-4828-A2B7-9AAB3E418BD1}.Release|x86.ActiveCfg = Release|Win32
		{F67D8117-E4E2-4828-A2B7-9AAB3E418BD1}.Release|x86.Build.0 = Release|Win32
		{AFF066AB-CFFD-41CB-A128-D29770683C3C}.Debug|x64.ActiveCfg = Debug|x64
		{AFF066AB-CFFD-41CB-A128-D29770683C3C}.Debug|x64.Build.0 = Debug|x64
		{AFF066AB-CFFD-41CB-A128-D29770683C3C}.Debug|x86.ActiveCfg = Debug|Win32
		{AFF066AB-CFFD-41CB-A128-D29770683C3C}.Debug|x86.Build.0 = Debug|Win32
		{AFF066AB-CFFD-41CB-A128-D29770683C3C}.Release|x64.ActiveCfg = Release|x64
		{AFF066AB-CFFD-41CB-A128-D29770683C3C}.Release|x64.Build.0 = Release|x64
		{AFF066AB-CFFD-41CB-A128-D29770683C3C}.Release|x86.ActiveCfg = Release|Win32
		{AFF066AB-CFFD-41CB-A128-D29770683C3C}.Release|x86.Build.0 = Release|Win32
		{C81C85AB-36B2-4541-A160-7D7F55F5F1D3}.Debug|x64.ActiveCfg = Debug|x64
		{C81C85AB-36B2-4541-A160-7D7F55F5F1D3}.Debug|x64.Build.0 = Debug|x64
		{C81C85AB-36B2-4541-A160-7D7F55F5F1D3}.Debug|x86.ActiveCfg = Debug|Win32
		{C81C85AB-36B2-4541-A160-7D7F55F5F1D3}.Debug|x86.Build.0 = Debug|Win32
		{C81C85AB-36B2-4541-A160-7D7F55F5F1D3}.Release|x64.ActiveCfg = Release|x64
		{C81C85AB-36B2-4541-A160-7D7F55F5F1D3}.Release|x64.Build.0 = Release|x64
		{C81C85AB-36B2-4541-A160-7D7F55F5F1D3}.Release|x86.ActiveCfg = Release|Win32
		{C81C85AB-36B2-4541-A160-7D7F55F5F1D3}.Release|x86.Build.0 = Release|Win32
		{A554B597-8A8D-48FF-A01E-BE4CBB9C98F9}.Debug|x64.ActiveCfg = Debug|x64
		{A554B597-8A8D-48FF-A01E-BE4CBB9C98F9}.Debug|x64.Build.0 = Debug|x64
		{A554B597-8A8D-48FF-A01E-BE4CBB9C98F9}.Debug|x86.ActiveCfg = Debug|Win32
		{A554B597-8A8D-48FF-A01E-BE4CBB9C98F9}.Debug|x86.Build.0 = Debug|Win32
		{A554B597-8A8D-48FF-A01E-BE4CBB9C98F9}.Release|x64.ActiveCfg = Release|x64
		{A554B597-8A8D-48FF-A01E-BE4CBB9C98F9}.Release|x64.Build.0 = Release|x64
		{A554B597-8A8D-48FF-A01E-BE4CBB9C98F9}.Release|x86.ActiveCfg = Release|Win32
		{A554B597-8A8D-48FF-A01E-BE4CBB9C98F9}.Release|x86.Build.0 = Release|Win32
		{9B5C051A-B77E-4726-9156-D69F37AF1217}.Debug|x64.ActiveCfg = Debug|x64
		{9B5C051A-B77E-4726-9156-D69F37AF1217}.Debug|x64.Build.0 = Debug|x64
		{9B5C051A-B77E-4726-9156-D69F37AF1217}.Debug|x86.ActiveCfg = Debug|Win32
		{9B5C051A-B77E-4726-9156-D69F37AF1217}.Debug|x86.Build.0 = Debug|Win32
		{9B5C051A-B77E-4726-9156-D69F37AF1217}.Release|x64.ActiveCfg = Release|x64
		{9B5C051A-B77E-4726-9156-D69F37AF1217}.Release|x64.Build.0 = Release|x64
		{9B5C051A-B77E-4726-9156-D69F37AF1217}.Release|x86.ActiveCfg = Release|Win32
		{9B5C051A-B77E-4726-9156-D69F37AF1217}.Release|x86.Build.0 = Release|Win32
		{87C4321C-B145-4962-AA64-0C40C8B9ADA9}.Debug|x64.ActiveCfg = Debug|x64
		{87C4321C-B145-4962-AA64-0C40C8B9ADA9}.Debug|x64.Build.0 = Debug|x64
		{87C4321C-B145-4962-AA64-0C40C8B9ADA9}.Debug|x86.ActiveCfg = Debug|Win32
		{87C4321C-B145-4962-AA64-0C40C8B9ADA9}.Debug|x86.Build.0 = Debug|Win32
		{87C4321C-B145-4962-AA64-0C40C8B9ADA9}.Release|x64.ActiveCfg = Release|x64
		{87C4321C-B145-4962-AA64-0C40C8B9ADA9}.Release|x64.Build.0 = Release|x64
		{87C4321C-B145-4962-AA64-0C40C8B9ADA9}.Release|x86.ActiveCfg = Release|Win32
		{87C4321C-B145-4962-AA64-0C40C8B9ADA9}.Release|x86.Build.0 = Release|Win32
		{892845F3-EF03-4BC0-A54E-EA8AA75F58C7}.Debug|x64.ActiveCfg = Debug|x64
		{892845F3-EF03-4BC0-A54E-EA8AA75F58C7}.Debug|x64.Build.0 = Debug|x64
		{892845F3-EF03-4BC0-A54E-EA8AA75F58C7}.Debug|x86.ActiveCfg = Debug|Win32
		{892845F3-EF03-4BC0-A54E-EA8AA75F58C7}.Debug|x86.Build.0 = Debug|Win32
		{892845F3-EF03-4BC0-A54E-EA8AA75F58C7}.Release|x64.ActiveCfg = Release|x64
		{892845F3-EF03-4BC0-A54E-EA8AA75F58C7}.Release|x64.Build.0 = Release|x64
		{892845F3-EF03-4BC0-A54E-EA8AA75F58C7}.Release|x86.ActiveCfg = Release|Win32
		{892845F3-EF03-4BC0-A54E-EA8AA75F58C7}.Release|x86.Build.0 = Release|Win32
	EndGlobalSection
	GlobalSection(SolutionProperties) = preSolution
		HideSolutionNode = FALSE
	EndGlobalSection
	GlobalSection(ExtensibilityGlobals) = postSolution
		SolutionGuid = {7244765C-C671-4D61-AC8D-A291D50AABEA}
	EndGlobalSection
EndGlobal
